
Microsoft Visual Studio Solution File, Format Version 12.00
# Visual Studio Version 17
VisualStudioVersion = 17.9.34902.65
MinimumVisualStudioVersion = 10.0.40219.1
Project("{FAE04EC0-301F-11D3-BF4B-00C04F79EFBC}") = "ConferenciaCode", "ConferenciaCode.csproj", "{A768BFCE-4CC2-4189-84E2-EEC2F9F6552D}"
EndProject
Global
	GlobalSection(SolutionConfigurationPlatforms) = preSolution
		Debug|Any CPU = Debug|Any CPU
		Release|Any CPU = Release|Any CPU
	EndGlobalSection
	GlobalSection(ProjectConfigurationPlatforms) = postSolution
		{A768BFCE-4CC2-4189-84E2-EEC2F9F6552D}.Debug|Any CPU.ActiveCfg = Debug|Any CPU
		{A768BFCE-4CC2-4189-84E2-EEC2F9F6552D}.Debug|Any CPU.Build.0 = Debug|Any CPU
		{A768BFCE-4CC2-4189-84E2-EEC2F9F6552D}.Release|Any CPU.ActiveCfg = Release|Any CPU
		{A768BFCE-4CC2-4189-84E2-EEC2F9F6552D}.Release|Any CPU.Build.0 = Release|Any CPU
	EndGlobalSection
	GlobalSection(SolutionProperties) = preSolution
		HideSolutionNode = FALSE
	EndGlobalSection
	GlobalSection(ExtensibilityGlobals) = postSolution
		SolutionGuid = {C2F6464C-B858-43F8-A2EA-7EF8E3396E53}
	EndGlobalSection
EndGlobal
